
Microsoft Visual Studio Solution File, Format Version 12.00
# Visual Studio Version 16
VisualStudioVersion = 16.0.29319.158
MinimumVisualStudioVersion = 10.0.40219.1
Project("{FAE04EC0-301F-11D3-BF4B-00C04F79EFBC}") = "MyVet.Common", "MyVet.Common\MyVet.Common.csproj", "{C80B5982-8FC9-47E5-8F98-02017B863101}"
EndProject
Project("{FAE04EC0-301F-11D3-BF4B-00C04F79EFBC}") = "MyVet.Web", "MyVet.Web\MyVet.Web.csproj", "{D9708712-026C-4F1B-BFAF-29322509989C}"
EndProject
Global
	GlobalSection(SolutionConfigurationPlatforms) = preSolution
		Debug|Any CPU = Debug|Any CPU
		Release|Any CPU = Release|Any CPU
	EndGlobalSection
	GlobalSection(ProjectConfigurationPlatforms) = postSolution
		{C80B5982-8FC9-47E5-8F98-02017B863101}.Debug|Any CPU.ActiveCfg = Debug|Any CPU
		{C80B5982-8FC9-47E5-8F98-02017B863101}.Debug|Any CPU.Build.0 = Debug|Any CPU
		{C80B5982-8FC9-47E5-8F98-02017B863101}.Release|Any CPU.ActiveCfg = Release|Any CPU
		{C80B5982-8FC9-47E5-8F98-02017B863101}.Release|Any CPU.Build.0 = Release|Any CPU
		{D9708712-026C-4F1B-BFAF-29322509989C}.Debug|Any CPU.ActiveCfg = Debug|Any CPU
		{D9708712-026C-4F1B-BFAF-29322509989C}.Debug|Any CPU.Build.0 = Debug|Any CPU
		{D9708712-026C-4F1B-BFAF-29322509989C}.Release|Any CPU.ActiveCfg = Release|Any CPU
		{D9708712-026C-4F1B-BFAF-29322509989C}.Release|Any CPU.Build.0 = Release|Any CPU
	EndGlobalSection
	GlobalSection(SolutionProperties) = preSolution
		HideSolutionNode = FALSE
	EndGlobalSection
	GlobalSection(ExtensibilityGlobals) = postSolution
		SolutionGuid = {2BBAF85C-BC18-46B7-9F7B-8DD70076119E}
	EndGlobalSection
EndGlobal
